
Microsoft Visual Studio Solution File, Format Version 12.00
# Visual Studio Version 17
VisualStudioVersion = 17.7.34031.279
MinimumVisualStudioVersion = 10.0.40219.1
Project("{FAE04EC0-301F-11D3-BF4B-00C04F79EFBC}") = "MindboxTask", "MindboxTask\MindboxTask.csproj", "{1F25D648-5B94-4BE9-9DA4-59020289A114}"
EndProject
Project("{FAE04EC0-301F-11D3-BF4B-00C04F79EFBC}") = "ShapesLibrary", "ShapesLibrary\ShapesLibrary.csproj", "{8F4F3C23-0547-4BC7-B827-F4CB2FD6EA65}"
EndProject
Project("{FAE04EC0-301F-11D3-BF4B-00C04F79EFBC}") = "UnitTestProject1", "UnitTestProject1\UnitTestProject1.csproj", "{539CF847-2D30-4DA4-9129-2911F190D7AB}"
EndProject
Global
	GlobalSection(SolutionConfigurationPlatforms) = preSolution
		Debug|Any CPU = Debug|Any CPU
		Release|Any CPU = Release|Any CPU
	EndGlobalSection
	GlobalSection(ProjectConfigurationPlatforms) = postSolution
		{1F25D648-5B94-4BE9-9DA4-59020289A114}.Debug|Any CPU.ActiveCfg = Debug|Any CPU
		{1F25D648-5B94-4BE9-9DA4-59020289A114}.Debug|Any CPU.Build.0 = Debug|Any CPU
		{1F25D648-5B94-4BE9-9DA4-59020289A114}.Release|Any CPU.ActiveCfg = Release|Any CPU
		{1F25D648-5B94-4BE9-9DA4-59020289A114}.Release|Any CPU.Build.0 = Release|Any CPU
		{8F4F3C23-0547-4BC7-B827-F4CB2FD6EA65}.Debug|Any CPU.ActiveCfg = Debug|Any CPU
		{8F4F3C23-0547-4BC7-B827-F4CB2FD6EA65}.Debug|Any CPU.Build.0 = Debug|Any CPU
		{8F4F3C23-0547-4BC7-B827-F4CB2FD6EA65}.Release|Any CPU.ActiveCfg = Release|Any CPU
		{8F4F3C23-0547-4BC7-B827-F4CB2FD6EA65}.Release|Any CPU.Build.0 = Release|Any CPU
		{539CF847-2D30-4DA4-9129-2911F190D7AB}.Debug|Any CPU.ActiveCfg = Debug|Any CPU
		{539CF847-2D30-4DA4-9129-2911F190D7AB}.Debug|Any CPU.Build.0 = Debug|Any CPU
		{539CF847-2D30-4DA4-9129-2911F190D7AB}.Release|Any CPU.ActiveCfg = Release|Any CPU
		{539CF847-2D30-4DA4-9129-2911F190D7AB}.Release|Any CPU.Build.0 = Release|Any CPU
	EndGlobalSection
	GlobalSection(SolutionProperties) = preSolution
		HideSolutionNode = FALSE
	EndGlobalSection
	GlobalSection(ExtensibilityGlobals) = postSolution
		SolutionGuid = {4C083499-5FAD-4B39-A5B3-E0FEDBB80AC4}
	EndGlobalSection
EndGlobal
